
Microsoft Visual Studio Solution File, Format Version 12.00
# Visual Studio Version 17
VisualStudioVersion = 17.14.36603.0
MinimumVisualStudioVersion = 10.0.40219.1
Project("{FAE04EC0-301F-11D3-BF4B-00C04F79EFBC}") = "Student Tracker Blazor", "Student Tracker Blazor\Student Tracker Blazor.csproj", "{A8393AF5-E6D7-4AE1-BC4B-D98E528A3C09}"
EndProject
Global
	GlobalSection(SolutionConfigurationPlatforms) = preSolution
		Debug|Any CPU = Debug|Any CPU
		Release|Any CPU = Release|Any CPU
	EndGlobalSection
	GlobalSection(ProjectConfigurationPlatforms) = postSolution
		{A8393AF5-E6D7-4AE1-BC4B-D98E528A3C09}.Debug|Any CPU.ActiveCfg = Debug|Any CPU
		{A8393AF5-E6D7-4AE1-BC4B-D98E528A3C09}.Debug|Any CPU.Build.0 = Debug|Any CPU
		{A8393AF5-E6D7-4AE1-BC4B-D98E528A3C09}.Release|Any CPU.ActiveCfg = Release|Any CPU
		{A8393AF5-E6D7-4AE1-BC4B-D98E528A3C09}.Release|Any CPU.Build.0 = Release|Any CPU
	EndGlobalSection
	GlobalSection(SolutionProperties) = preSolution
		HideSolutionNode = FALSE
	EndGlobalSection
	GlobalSection(ExtensibilityGlobals) = postSolution
		SolutionGuid = {DF8D5AB6-61C8-4716-B296-FB086231B73C}
	EndGlobalSection
EndGlobal
